{
  "version": "5",
  "remote": {
    "https://edge.netlify.com/": "fd941d61d88673d5f28aab283fb86fcc50f08a3bc80ee5470498fcfa88c65cfb",
    "https://edge.netlify.com/bootstrap/config.ts": "6a2ce0e544e15e8f8883a5c18da5948e37fd0f2619f68cb31f3af53c51817025",
    "https://edge.netlify.com/bootstrap/context.ts": "e97240232121e2f369f6546ce961490f34d961ea1ea54be3ff09633e3f08373f",
    "https://edge.netlify.com/bootstrap/cookie.ts": "8b0baae708989ca183c6f3b4ab3d029e6abcbc2e43f93edeb0ff447b3bbc3a05",
    "https://edge.netlify.com/bootstrap/edge_function.ts": "b8253e86aa83c67341f5cfedeba5049d77fbf84dcab7eceff7566b7728ae9b39",
    "https://edge.netlify.com/bootstrap/globals/types.ts": "eaa6148ded3121d8dee62dd91c86e7fe76601df0f3ca8d7962243a30f4c8935f"
  },
  "workspace": {
    "packageJson": {
      "dependencies": [
        "npm:@eslint/js@^10.0.1",
        "npm:@fontsource/sarabun@^5.2.8",
        "npm:@headlessui/react@^2.2.9",
        "npm:@hookform/resolvers@^5.2.2",
        "npm:@lhci/cli@~0.15.1",
        "npm:@line/bot-sdk@^10.6.0",
        "npm:@neondatabase/serverless@^1.0.2",
        "npm:@netlify/functions@^5.1.5",
        "npm:@netlify/plugin-nextjs@^5.15.9",
        "npm:@playwright/test@^1.58.2",
        "npm:@storybook/addon-essentials@^8.6.14",
        "npm:@storybook/addon-interactions@^8.6.14",
        "npm:@storybook/addon-links@^10.3.3",
        "npm:@storybook/addon-mdx-gfm@^8.6.14",
        "npm:@storybook/blocks@^8.6.14",
        "npm:@storybook/react-vite@^10.3.3",
        "npm:@storybook/react@^10.3.3",
        "npm:@storybook/test-runner@~0.24.3",
        "npm:@supabase/supabase-js@^2.100.0",
        "npm:@tailwindcss/vite@^4.2.2",
        "npm:@tanstack/react-query@^5.95.2",
        "npm:@testing-library/jest-dom@^6.9.1",
        "npm:@testing-library/react@^16.3.2",
        "npm:@testing-library/user-event@^14.6.1",
        "npm:@types/bcryptjs@3",
        "npm:@types/jsonwebtoken@^9.0.10",
        "npm:@types/node@^25.5.0",
        "npm:@types/nodemailer@^7.0.11",
        "npm:@types/pg@^8.20.0",
        "npm:@types/react-datepicker@7",
        "npm:@types/react-dom@^19.2.3",
        "npm:@types/react@^19.2.14",
        "npm:@types/uuid@11",
        "npm:@vitejs/plugin-react@^5.0.4",
        "npm:@vitest/coverage-v8@^4.1.1",
        "npm:@vitest/ui@^4.1.1",
        "npm:@wdio/cli@^9.27.0",
        "npm:@wdio/local-runner@^9.27.0",
        "npm:@wdio/mocha-framework@^9.27.0",
        "npm:@wdio/spec-reporter@^9.27.0",
        "npm:autoprefixer@^10.4.27",
        "npm:axe-core@^4.11.1",
        "npm:axios@^1.13.6",
        "npm:baseline-browser-mapping@^2.10.10",
        "npm:bcryptjs@^3.0.3",
        "npm:c8@11",
        "npm:chromatic@16",
        "npm:clsx@^2.1.1",
        "npm:date-fns@^4.1.0",
        "npm:dotenv@^17.3.1",
        "npm:eslint-plugin-jsx-a11y@^6.10.2",
        "npm:eslint-plugin-react-hooks@^7.0.1",
        "npm:eslint-plugin-react-refresh@~0.5.2",
        "npm:eslint@^10.1.0",
        "npm:globals@^17.4.0",
        "npm:happy-dom@^20.8.8",
        "npm:html2canvas@^1.4.1",
        "npm:husky@^9.1.7",
        "npm:i18next-browser-languagedetector@^8.2.1",
        "npm:i18next@^25.10.9",
        "npm:jsdoc@^4.0.5",
        "npm:jsdom@^29.0.1",
        "npm:jsonwebtoken@^9.0.3",
        "npm:jspdf-autotable@^5.0.7",
        "npm:jspdf@^4.2.1",
        "npm:lint-staged@^16.4.0",
        "npm:lucide-react@^1.6.0",
        "npm:netlify-cli@^24.5.1",
        "npm:node-fetch@^3.3.2",
        "npm:nodemailer@^8.0.4",
        "npm:pg@^8.20.0",
        "npm:playwright@^1.58.2",
        "npm:postcss@^8.5.8",
        "npm:prettier@^3.8.1",
        "npm:react-datepicker@^9.1.0",
        "npm:react-dom@^19.2.4",
        "npm:react-hook-form@^7.72.0",
        "npm:react-hot-toast@^2.6.0",
        "npm:react-i18next@^16.6.6",
        "npm:react-router-dom@^7.13.2",
        "npm:react@^19.2.4",
        "npm:recharts@^3.8.0",
        "npm:sinon@^21.0.3",
        "npm:snyk@^1.1303.2",
        "npm:storybook-deployer@^2.8.12",
        "npm:storybook@^10.3.3",
        "npm:supertest@^7.2.2",
        "npm:swagger-jsdoc@^6.2.8",
        "npm:tailwindcss@^4.2.2",
        "npm:terser@^5.46.1",
        "npm:ts-node@^10.9.2",
        "npm:typescript-eslint@^8.57.2",
        "npm:typescript@^6.0.2",
        "npm:uuid@13",
        "npm:vite-plugin-pwa@^1.2.0",
        "npm:vite@^7.3.0",
        "npm:vitest-dom@~0.1.1",
        "npm:vitest-mock-extended@^3.1.0",
        "npm:vitest@^4.1.1",
        "npm:web-push@^3.6.7",
        "npm:xlsx@~0.18.5",
        "npm:zod@^4.3.6",
        "npm:zustand@^5.0.12"
      ]
    }
  }
}
